// !$*UTF8*$!
{
	archiveVersion = 1;
	classes = {
	};
	objectVersion = 46;
	objects = {

		3A35B7D3DD5E879DDD41938E = {isa = PBXBuildFile; fileRef = 62A217263656F7050A4A6001; };
		E97945654B6308F300BBFC0B = {isa = PBXBuildFile; fileRef = 54C001B1942826EDF957BEF2; };
		F1CF4AA9A16051A411B20945 = {isa = PBXBuildFile; fileRef = 8B7B5A17BD87A0B85A7A1A6B; };
		6D86A0741F2D956005C7CA7A = {isa = PBXBuildFile; fileRef = 6A30C6F59971F9D7125EB729; };
		C606CA164DE510E14862721F = {isa = PBXBuildFile; fileRef = 53BCF82603F2D54DF441B11F; };
		6B5EE1631F45C58F8AEA61C6 = {isa = PBXBuildFile; fileRef = E83495BAEB6279EF5579A2D8; };
		B629149F36A71061A53649D5 = {isa = PBXBuildFile; fileRef = B4FCEF0521E033EAC6D3E827; };
		0C1340388AB2DEFE0D6900BC = {isa = PBXBuildFile; fileRef = 8063277E49902835E0031610; };
		79C3C97864FAA4E317759E5D = {isa = PBXBuildFile; fileRef = 9D5F62A864542D806193CD57; };
		EBB314B4345D72C83AACFE68 = {isa = PBXBuildFile; fileRef = 6B8F4C991192178840079760; };
		F88A4B6CF62B5BF477E51699 = {isa = PBXBuildFile; fileRef = E9CB2D01701F5D6192F04410; };
		83C4E7402B0D222B436BAF25 = {isa = PBXBuildFile; fileRef = 3D726A73B94AB0ACA59AFF3E; };
		D29B8218609512050130C975 = {isa = PBXBuildFile; fileRef = 5359C75BC6A9F47F823D7DB3; };
		BA33F1842BC8217691434D96 = {isa = PBXBuildFile; fileRef = E32DB3B29FBB1ADC7F59CD29; };
		0F1C4BEB92F149949DBE191E = {isa = PBXBuildFile; fileRef = 9C722EAED01B0B899B6AE262; };
		AA7FD92652076190C3190491 = {isa = PBXBuildFile; fileRef = 9A865FFC13CBA94EEE175B43; };
		C45F01D0B630B4094437C183 = {isa = PBXBuildFile; fileRef = 5AD44CA4B68DB7AE7F51CF6D; };
		E341861E2996A21711F13EA2 = {isa = PBXBuildFile; fileRef = 02E0605194DB32EFF8799607; };
		693E297E56C92D54B8B8A4BD = {isa = PBXBuildFile; fileRef = 5E906F98A62A722C0717689C; };
		791A0A59DC6A6577CD94594A = {isa = PBXBuildFile; fileRef = 6CE9A7DDC32B04F60742FE75; };
		0195052866BA4956FA687AC8 = {isa = PBXBuildFile; fileRef = 4D7A7280CD1708FDCC311F87; };
		1E52A29FA0DF39801F08B15E = {isa = PBXBuildFile; fileRef = AF816EA7A6F5924C2167BCE7; };
		9D413B3FD9CD5F849F8F0DEB = {isa = PBXBuildFile; fileRef = F97FB64BEA45A71086DC3BDC; };
		95D1F543C65E8140D53AC4F0 = {isa = PBXBuildFile; fileRef = 374C625313F046B00D17941B; };
		BE9E63C9D2BCB5E05CAC3177 = {isa = PBXBuildFile; fileRef = 9615CF911E49A9FF3CDE30F4; };
		99BC747E2F159C112DC02A8A = {isa = PBXBuildFile; fileRef = 6ECB63C9334C7907D832CB37; };
		5FD0AC981CA8EC3E75EB6475 = {isa = PBXBuildFile; fileRef = 735325EB08E14394832156C0; };
		54E6EF53817C6F24F854046D = {isa = PBXBuildFile; fileRef = 6F1F9118AC12E66E023BF73E; };
		F2CA007ED375CBC0CB795A89 = {isa = PBXBuildFile; fileRef = 6E08B8D65B7456C4D6F0FEC9; };
		7026B38736571337477EF500 = {isa = PBXBuildFile; fileRef = D1F59E44BFAD909A7963E6B6; };
		CA079E2E9C2F71F99B37E76A = {isa = PBXBuildFile; fileRef = 5CA692E3CACE2CCCA285E572; };
		DCBE0E399F481C77DF5C67A4 = {isa = PBXBuildFile; fileRef = 6170A065E1381A39A1930BED; };
		91C94122324B6B715DE9F562 = {isa = PBXBuildFile; fileRef = 92F07650FB89461C6EA96963; };
		FE16E112870AC6317CF6DB3A = {isa = PBXBuildFile; fileRef = B7852AEFACEA0D6C4B19BF98; };
		AA8C7AF93124CB47E0C2ED06 = {isa = PBXBuildFile; fileRef = 71EA317BAA9B42019F656735; };
		2A4634A123CD3883E72EBB44 = {isa = PBXBuildFile; fileRef = 2D502EDFDB2C3A400F112D53; };
		DED4A11FB43F73C0719884CD = {isa = PBXBuildFile; fileRef = 7BC5BB227EC570F82FD931F4; };
		AE376651D8C7D062E4F15E8B = {isa = PBXBuildFile; fileRef = 0458D65CAD6FD5415ED52A1D; };
		945198DC13ED2764ECD6855E = {isa = PBXBuildFile; fileRef = 71A2D2A76C364A5C43C56A80; };
		546A7CA9A92D96C26F548AE3 = {isa = PBXBuildFile; fileRef = E1DB78A38D22C187444A93DE; };
		B9BC3E9144A8412578825618 = {isa = PBXBuildFile; fileRef = A5E5077D0EF6EEF0EC913395; };
		E8B4809CD0DCC8C3782B98AC = {isa = PBXBuildFile; fileRef = FF6F602EACA09AFFFFDEB74E; };
		31A0D1A7632188F52778F809 = {isa = PBXBuildFile; fileRef = 366BA0F55BD8A774C2FCB8E3; };
		C8D4CB710B6C7255648C112F = {isa = PBXBuildFile; fileRef = E31EBB14097DBF06997263C7; };
		0C6F6DEB8D1B814C96456425 = {isa = PBXBuildFile; fileRef = 3D3F26194CA481A15D1D7635; };
		12DF6AD42552B82372E6331F = {isa = PBXBuildFile; fileRef = 6FCADB71451059B50B8F089F; };
		BC0C1BFE4B9385520568B290 = {isa = PBXBuildFile; fileRef = 279BC139DE979F4BCA6BF670; };
		852B47CB1D2354B33FEA1BB3 = {isa = PBXBuildFile; fileRef = 316448E8B30A0972DD571BEB; };
		E8CCFA27914FBCE59301352C = {isa = PBXBuildFile; fileRef = 137597FE447EB0B6BFDA94F3; };
		02E0605194DB32EFF8799607 = {isa = PBXFileReference; lastKnownFileType = wrapper.framework; name = IOKit.framework; path = System/Library/Frameworks/IOKit.framework; sourceTree = SDKROOT; };
		0458D65CAD6FD5415ED52A1D = {isa = PBXFileReference; lastKnownFileType = sourcecode.cpp.cpp; name = "include_juce_audio_plugin_client_VST3.cpp"; path = "../../JuceLibraryCode/include_juce_audio_plugin_client_VST3.cpp"; sourceTree = "SOURCE_ROOT"; };
		137597FE447EB0B6BFDA94F3 = {isa = PBXFileReference; lastKnownFileType = sourcecode.cpp.objcpp; name = "include_juce_video.mm"; path = "../../JuceLibraryCode/include_juce_video.mm"; sourceTree = "SOURCE_ROOT"; };
		13791978C7A30B11A770576D = {isa = PBXFileReference; lastKnownFileType = text.plist.xml; name = "Info-VST.plist"; path = "Info-VST.plist"; sourceTree = "SOURCE_ROOT"; };
		245E2AFA92739DBD4FD0CF6F = {isa = PBXFileReference; lastKnownFileType = file; name = "juce_events"; path = "../../../../../../../../Downloads/JUCE/modules/juce_events"; sourceTree = "SOURCE_ROOT"; };
		279BC139DE979F4BCA6BF670 = {isa = PBXFileReference; lastKnownFileType = sourcecode.cpp.objcpp; name = "include_juce_gui_extra.mm"; path = "../../JuceLibraryCode/include_juce_gui_extra.mm"; sourceTree = "SOURCE_ROOT"; };
		2D502EDFDB2C3A400F112D53 = {isa = PBXFileReference; lastKnownFileType = sourcecode.cpp.objcpp; name = "include_juce_audio_plugin_client_VST_utils.mm"; path = "../../JuceLibraryCode/include_juce_audio_plugin_client_VST_utils.mm"; sourceTree = "SOURCE_ROOT"; };
		316448E8B30A0972DD571BEB = {isa = PBXFileReference; lastKnownFileType = sourcecode.cpp.objcpp; name = "include_juce_opengl.mm"; path = "../../JuceLibraryCode/include_juce_opengl.mm"; sourceTree = "SOURCE_ROOT"; };
		316A9AA67397528EF0E75545 = {isa = PBXFileReference; lastKnownFileType = sourcecode.c.h; name = PluginEditor.h; path = ../../Source/PluginEditor.h; sourceTree = "SOURCE_ROOT"; };
		31AC13813F1D5D1BA3FF7546 = {isa = PBXFileReference; lastKnownFileType = file; name = "juce_gui_extra"; path = "../../../../../../../../Downloads/JUCE/modules/juce_gui_extra"; sourceTree = "SOURCE_ROOT"; };
		351AC12B6FA83EECBF2421E4 = {isa = PBXFileReference; lastKnownFileType = file; name = "juce_video"; path = "../../../../../../../../Downloads/JUCE/modules/juce_video"; sourceTree = "SOURCE_ROOT"; };
		366BA0F55BD8A774C2FCB8E3 = {isa = PBXFileReference; lastKnownFileType = sourcecode.cpp.objcpp; name = "include_juce_data_structures.mm"; path = "../../JuceLibraryCode/include_juce_data_structures.mm"; sourceTree = "SOURCE_ROOT"; };
		374C625313F046B00D17941B = {isa = PBXFileReference; lastKnownFileType = sourcecode.cpp.cpp; name = Biquad.cpp; path = ../../Source/Biquad.cpp; sourceTree = "SOURCE_ROOT"; };
		3D3F26194CA481A15D1D7635 = {isa = PBXFileReference; lastKnownFileType = sourcecode.cpp.objcpp; name = "include_juce_graphics.mm"; path = "../../JuceLibraryCode/include_juce_graphics.mm"; sourceTree = "SOURCE_ROOT"; };
		3D726A73B94AB0ACA59AFF3E = {isa = PBXFileReference; lastKnownFileType = wrapper.framework; name = Cocoa.framework; path = System/Library/Frameworks/Cocoa.framework; sourceTree = SDKROOT; };
		3F097FFE60FCA4C8C7B8BC5E = {isa = PBXFileReference; lastKnownFileType = sourcecode.c.h; name = NChannelFilter.h; path = ../../Source/NChannelFilter.h; sourceTree = "SOURCE_ROOT"; };
		4155B20527880D50AB56EFB7 = {isa = PBXFileReference; lastKnownFileType = file; name = "juce_audio_devices"; path = "../../../../../../../../Downloads/JUCE/modules/juce_audio_devices"; sourceTree = "SOURCE_ROOT"; };
		49502B0B9C99844D8E095308 = {isa = PBXFileReference; lastKnownFileType = file; name = "juce_graphics"; path = "../../../../../../../../Downloads/JUCE/modules/juce_graphics"; sourceTree = "SOURCE_ROOT"; };
		4D7A7280CD1708FDCC311F87 = {isa = PBXFileReference; lastKnownFileType = wrapper.framework; name = WebKit.framework; path = System/Library/Frameworks/WebKit.framework; sourceTree = SDKROOT; };
		5061418EE220EB698ED1CB6B = {isa = PBXFileReference; lastKnownFileType = file; name = "juce_audio_basics"; path = "../../../../../../../../Downloads/JUCE/modules/juce_audio_basics"; sourceTree = "SOURCE_ROOT"; };
		5359C75BC6A9F47F823D7DB3 = {isa = PBXFileReference; lastKnownFileType = wrapper.framework; name = CoreAudio.framework; path = System/Library/Frameworks/CoreAudio.framework; sourceTree = SDKROOT; };
		5AD44CA4B68DB7AE7F51CF6D = {isa = PBXFileReference; lastKnownFileType = wrapper.framework; name = DiscRecording.framework; path = System/Library/Frameworks/DiscRecording.framework; sourceTree = SDKROOT; };
		5BEB647CAE3455238BDEF095 = {isa = PBXFileReference; lastKnownFileType = text.plist.xml; name = "Info-AUv3_AppExtension.plist"; path = "Info-AUv3_AppExtension.plist"; sourceTree = "SOURCE_ROOT"; };
		5BFBCE722AB52778918D7816 = {isa = PBXFileReference; lastKnownFileType = file; name = "juce_cryptography"; path = "../../../../../../../../Downloads/JUCE/modules/juce_cryptography"; sourceTree = "SOURCE_ROOT"; };
		5CA692E3CACE2CCCA285E572 = {isa = PBXFileReference; lastKnownFileType = sourcecode.cpp.objcpp; name = "include_juce_audio_plugin_client_AU_1.mm"; path = "../../JuceLibraryCode/include_juce_audio_plugin_client_AU_1.mm"; sourceTree = "SOURCE_ROOT"; };
		5E906F98A62A722C0717689C = {isa = PBXFileReference; lastKnownFileType = wrapper.framework; name = OpenGL.framework; path = System/Library/Frameworks/OpenGL.framework; sourceTree = SDKROOT; };
		6170A065E1381A39A1930BED = {isa = PBXFileReference; lastKnownFileType = sourcecode.cpp.objcpp; name = "include_juce_audio_plugin_client_AU_2.mm"; path = "../../JuceLibraryCode/include_juce_audio_plugin_client_AU_2.mm"; sourceTree = "SOURCE_ROOT"; };
		62A217263656F7050A4A6001 = {isa = PBXFileReference; explicitFileType = wrapper.cfbundle; includeInIndex = 0; path = HaptEQ.vst; sourceTree = "BUILT_PRODUCTS_DIR"; };
		54C001B1942826EDF957BEF2 = {isa = PBXFileReference; explicitFileType = wrapper.cfbundle; includeInIndex = 0; path = HaptEQ.vst3; sourceTree = "BUILT_PRODUCTS_DIR"; };
		8B7B5A17BD87A0B85A7A1A6B = {isa = PBXFileReference; explicitFileType = wrapper.cfbundle; includeInIndex = 0; path = HaptEQ.component; sourceTree = "BUILT_PRODUCTS_DIR"; };
		6A30C6F59971F9D7125EB729 = {isa = PBXFileReference; explicitFileType = "wrapper.app-extension"; includeInIndex = 0; path = HaptEQ.appex; sourceTree = "BUILT_PRODUCTS_DIR"; };
		53BCF82603F2D54DF441B11F = {isa = PBXFileReference; explicitFileType = wrapper.application; includeInIndex = 0; path = HaptEQ.app; sourceTree = "BUILT_PRODUCTS_DIR"; };
		59C843C3D83F3C98FB5DAEF8 = {isa = PBXFileReference; lastKnownFileType = sourcecode.c.h; name = AppConfig.h; path = ../../JuceLibraryCode/AppConfig.h; sourceTree = "SOURCE_ROOT"; };
		65517AF0D78446A8B1DDFE1F = {isa = PBXFileReference; lastKnownFileType = text.plist.xml; name = "Info-AU.plist"; path = "Info-AU.plist"; sourceTree = "SOURCE_ROOT"; };
		6B8F4C991192178840079760 = {isa = PBXFileReference; lastKnownFileType = wrapper.framework; name = AVFoundation.framework; path = System/Library/Frameworks/AVFoundation.framework; sourceTree = SDKROOT; };
		6CE9A7DDC32B04F60742FE75 = {isa = PBXFileReference; lastKnownFileType = wrapper.framework; name = QuartzCore.framework; path = System/Library/Frameworks/QuartzCore.framework; sourceTree = SDKROOT; };
		6E08B8D65B7456C4D6F0FEC9 = {isa = PBXFileReference; lastKnownFileType = sourcecode.cpp.objcpp; name = "include_juce_audio_formats.mm"; path = "../../JuceLibraryCode/include_juce_audio_formats.mm"; sourceTree = "SOURCE_ROOT"; };
		6ECB63C9334C7907D832CB37 = {isa = PBXFileReference; lastKnownFileType = sourcecode.cpp.cpp; name = PluginEditor.cpp; path = ../../Source/PluginEditor.cpp; sourceTree = "SOURCE_ROOT"; };
		6F1F9118AC12E66E023BF73E = {isa = PBXFileReference; lastKnownFileType = sourcecode.cpp.objcpp; name = "include_juce_audio_devices.mm"; path = "../../JuceLibraryCode/include_juce_audio_devices.mm"; sourceTree = "SOURCE_ROOT"; };
		6FCADB71451059B50B8F089F = {isa = PBXFileReference; lastKnownFileType = sourcecode.cpp.objcpp; name = "include_juce_gui_basics.mm"; path = "../../JuceLibraryCode/include_juce_gui_basics.mm"; sourceTree = "SOURCE_ROOT"; };
		71A2D2A76C364A5C43C56A80 = {isa = PBXFileReference; lastKnownFileType = sourcecode.cpp.objcpp; name = "include_juce_audio_processors.mm"; path = "../../JuceLibraryCode/include_juce_audio_processors.mm"; sourceTree = "SOURCE_ROOT"; };
		71EA317BAA9B42019F656735 = {isa = PBXFileReference; lastKnownFileType = sourcecode.cpp.cpp; name = "include_juce_audio_plugin_client_utils.cpp"; path = "../../JuceLibraryCode/include_juce_audio_plugin_client_utils.cpp"; sourceTree = "SOURCE_ROOT"; };
		7282E6CEC42C7B20D298AFE8 = {isa = PBXFileReference; lastKnownFileType = file; name = "juce_audio_utils"; path = "../../../../../../../../Downloads/JUCE/modules/juce_audio_utils"; sourceTree = "SOURCE_ROOT"; };
		735325EB08E14394832156C0 = {isa = PBXFileReference; lastKnownFileType = sourcecode.cpp.objcpp; name = "include_juce_audio_basics.mm"; path = "../../JuceLibraryCode/include_juce_audio_basics.mm"; sourceTree = "SOURCE_ROOT"; };
		76E87E93DD3F13019D07E9B0 = {isa = PBXFileReference; lastKnownFileType = sourcecode.c.h; name = PluginProcessor.h; path = ../../Source/PluginProcessor.h; sourceTree = "SOURCE_ROOT"; };
		791A108174D0126F819DC0E3 = {isa = PBXFileReference; lastKnownFileType = text.plist.xml; name = "Info-VST3.plist"; path = "Info-VST3.plist"; sourceTree = "SOURCE_ROOT"; };
		7BC5BB227EC570F82FD931F4 = {isa = PBXFileReference; lastKnownFileType = sourcecode.cpp.cpp; name = "include_juce_audio_plugin_client_VST2.cpp"; path = "../../JuceLibraryCode/include_juce_audio_plugin_client_VST2.cpp"; sourceTree = "SOURCE_ROOT"; };
		7BFC4201986D81C26EA46D12 = {isa = PBXFileReference; lastKnownFileType = file; name = "juce_gui_basics"; path = "../../../../../../../../Downloads/JUCE/modules/juce_gui_basics"; sourceTree = "SOURCE_ROOT"; };
		8063277E49902835E0031610 = {isa = PBXFileReference; lastKnownFileType = wrapper.framework; name = AudioToolbox.framework; path = System/Library/Frameworks/AudioToolbox.framework; sourceTree = SDKROOT; };
		92F07650FB89461C6EA96963 = {isa = PBXFileReference; lastKnownFileType = sourcecode.cpp.objcpp; name = "include_juce_audio_plugin_client_AUv3.mm"; path = "../../JuceLibraryCode/include_juce_audio_plugin_client_AUv3.mm"; sourceTree = "SOURCE_ROOT"; };
		9615CF911E49A9FF3CDE30F4 = {isa = PBXFileReference; lastKnownFileType = sourcecode.cpp.cpp; name = PluginProcessor.cpp; path = ../../Source/PluginProcessor.cpp; sourceTree = "SOURCE_ROOT"; };
		9A865FFC13CBA94EEE175B43 = {isa = PBXFileReference; lastKnownFileType = wrapper.framework; name = CoreMIDI.framework; path = System/Library/Frameworks/CoreMIDI.framework; sourceTree = SDKROOT; };
		9BD58E25B03D352CD03984D4 = {isa = PBXFileReference; lastKnownFileType = text.plist.xml; name = HaptEQ.entitlements; path = HaptEQ.entitlements; sourceTree = "SOURCE_ROOT"; };
		9C722EAED01B0B899B6AE262 = {isa = PBXFileReference; lastKnownFileType = wrapper.framework; name = CoreMedia.framework; path = System/Library/Frameworks/CoreMedia.framework; sourceTree = SDKROOT; };
		9D5F62A864542D806193CD57 = {isa = PBXFileReference; lastKnownFileType = wrapper.framework; name = AudioUnit.framework; path = System/Library/Frameworks/AudioUnit.framework; sourceTree = SDKROOT; };
		A293244A5EF3809015F94640 = {isa = PBXFileReference; lastKnownFileType = sourcecode.c.h; name = LookAndFeel.h; path = ../../Source/LookAndFeel.h; sourceTree = "SOURCE_ROOT"; };
		A5E5077D0EF6EEF0EC913395 = {isa = PBXFileReference; lastKnownFileType = sourcecode.cpp.objcpp; name = "include_juce_core.mm"; path = "../../JuceLibraryCode/include_juce_core.mm"; sourceTree = "SOURCE_ROOT"; };
		A6A9D0AC3F8DA1604AA4D21A = {isa = PBXFileReference; lastKnownFileType = file; name = "juce_audio_plugin_client"; path = "../../../../../../../../Downloads/JUCE/modules/juce_audio_plugin_client"; sourceTree = "SOURCE_ROOT"; };
		AF816EA7A6F5924C2167BCE7 = {isa = PBXFileReference; lastKnownFileType = file.nib; name = RecentFilesMenuTemplate.nib; path = RecentFilesMenuTemplate.nib; sourceTree = "SOURCE_ROOT"; };
		B4FCEF0521E033EAC6D3E827 = {isa = PBXFileReference; lastKnownFileType = wrapper.framework; name = Accelerate.framework; path = System/Library/Frameworks/Accelerate.framework; sourceTree = SDKROOT; };
		B7852AEFACEA0D6C4B19BF98 = {isa = PBXFileReference; lastKnownFileType = sourcecode.cpp.cpp; name = "include_juce_audio_plugin_client_Standalone.cpp"; path = "../../JuceLibraryCode/include_juce_audio_plugin_client_Standalone.cpp"; sourceTree = "SOURCE_ROOT"; };
		C19739BC716F9168DFE147BE = {isa = PBXFileReference; lastKnownFileType = sourcecode.c.h; name = Equalizer.h; path = ../../Source/Equalizer.h; sourceTree = "SOURCE_ROOT"; };
		C7AD2001BF85070B0C4CB95B = {isa = PBXFileReference; lastKnownFileType = file; name = "juce_core"; path = "../../../../../../../../Downloads/JUCE/modules/juce_core"; sourceTree = "SOURCE_ROOT"; };
		CD99D33B596811F1DEB05A7D = {isa = PBXFileReference; lastKnownFileType = text.plist.xml; name = "Info-Standalone_Plugin.plist"; path = "Info-Standalone_Plugin.plist"; sourceTree = "SOURCE_ROOT"; };
		D1F59E44BFAD909A7963E6B6 = {isa = PBXFileReference; lastKnownFileType = file.r; name = "include_juce_audio_plugin_client_AU.r"; path = "../../JuceLibraryCode/include_juce_audio_plugin_client_AU.r"; sourceTree = "SOURCE_ROOT"; };
		D452C38C6D1A05909C9E679B = {isa = PBXFileReference; lastKnownFileType = file; name = "juce_audio_processors"; path = "../../../../../../../../Downloads/JUCE/modules/juce_audio_processors"; sourceTree = "SOURCE_ROOT"; };
		D4EDBB2347355226FA922777 = {isa = PBXFileReference; lastKnownFileType = file; name = "juce_opengl"; path = "../../../../../../../../Downloads/JUCE/modules/juce_opengl"; sourceTree = "SOURCE_ROOT"; };
		E1DB78A38D22C187444A93DE = {isa = PBXFileReference; lastKnownFileType = sourcecode.cpp.objcpp; name = "include_juce_audio_utils.mm"; path = "../../JuceLibraryCode/include_juce_audio_utils.mm"; sourceTree = "SOURCE_ROOT"; };
		E31EBB14097DBF06997263C7 = {isa = PBXFileReference; lastKnownFileType = sourcecode.cpp.objcpp; name = "include_juce_events.mm"; path = "../../JuceLibraryCode/include_juce_events.mm"; sourceTree = "SOURCE_ROOT"; };
		E32DB3B29FBB1ADC7F59CD29 = {isa = PBXFileReference; lastKnownFileType = wrapper.framework; name = CoreAudioKit.framework; path = System/Library/Frameworks/CoreAudioKit.framework; sourceTree = SDKROOT; };
		E83495BAEB6279EF5579A2D8 = {isa = PBXFileReference; explicitFileType = archive.ar; includeInIndex = 0; path = libHaptEQ.a; sourceTree = "BUILT_PRODUCTS_DIR"; };
		E9CB2D01701F5D6192F04410 = {isa = PBXFileReference; lastKnownFileType = wrapper.framework; name = Carbon.framework; path = System/Library/Frameworks/Carbon.framework; sourceTree = SDKROOT; };
		EF559F1A219DFCC8A851260D = {isa = PBXFileReference; lastKnownFileType = file; name = "juce_data_structures"; path = "../../../../../../../../Downloads/JUCE/modules/juce_data_structures"; sourceTree = "SOURCE_ROOT"; };
		F1A1CE5AD736D140C98D8EEE = {isa = PBXFileReference; lastKnownFileType = file; name = "juce_audio_formats"; path = "../../../../../../../../Downloads/JUCE/modules/juce_audio_formats"; sourceTree = "SOURCE_ROOT"; };
		F7254D66319D6133D0C0113D = {isa = PBXFileReference; lastKnownFileType = sourcecode.c.h; name = JuceHeader.h; path = ../../JuceLibraryCode/JuceHeader.h; sourceTree = "SOURCE_ROOT"; };
		F97FB64BEA45A71086DC3BDC = {isa = PBXFileReference; lastKnownFileType = sourcecode.cpp.cpp; name = LookAndFeel.cpp; path = ../../Source/LookAndFeel.cpp; sourceTree = "SOURCE_ROOT"; };
		FC034226DF827CB497ACD92F = {isa = PBXFileReference; lastKnownFileType = sourcecode.c.h; name = Biquad.h; path = ../../Source/Biquad.h; sourceTree = "SOURCE_ROOT"; };
		FF6F602EACA09AFFFFDEB74E = {isa = PBXFileReference; lastKnownFileType = sourcecode.cpp.objcpp; name = "include_juce_cryptography.mm"; path = "../../JuceLibraryCode/include_juce_cryptography.mm"; sourceTree = "SOURCE_ROOT"; };
		175A67F5618B270CD4E894FE = {isa = PBXGroup; children = (
					3F097FFE60FCA4C8C7B8BC5E,
					374C625313F046B00D17941B,
					FC034226DF827CB497ACD92F,
					C19739BC716F9168DFE147BE, ); name = Effects; sourceTree = "<group>"; };
		63E6A610DE4CBBA53CFDC185 = {isa = PBXGroup; children = (
					F97FB64BEA45A71086DC3BDC,
					A293244A5EF3809015F94640,
					175A67F5618B270CD4E894FE,
					9615CF911E49A9FF3CDE30F4,
					76E87E93DD3F13019D07E9B0,
					6ECB63C9334C7907D832CB37,
					316A9AA67397528EF0E75545, ); name = Source; sourceTree = "<group>"; };
		4874AC6B955AA41B2A28319C = {isa = PBXGroup; children = (
					63E6A610DE4CBBA53CFDC185, ); name = HaptEQ; sourceTree = "<group>"; };
		0C818119E1BF6F4E23DA1F5E = {isa = PBXGroup; children = (
					5061418EE220EB698ED1CB6B,
					4155B20527880D50AB56EFB7,
					F1A1CE5AD736D140C98D8EEE,
					A6A9D0AC3F8DA1604AA4D21A,
					D452C38C6D1A05909C9E679B,
					7282E6CEC42C7B20D298AFE8,
					C7AD2001BF85070B0C4CB95B,
					5BFBCE722AB52778918D7816,
					EF559F1A219DFCC8A851260D,
					245E2AFA92739DBD4FD0CF6F,
					49502B0B9C99844D8E095308,
					7BFC4201986D81C26EA46D12,
					31AC13813F1D5D1BA3FF7546,
					D4EDBB2347355226FA922777,
					351AC12B6FA83EECBF2421E4, ); name = "Juce Modules"; sourceTree = "<group>"; };
		C7348FEA9C959AA1DEFD332E = {isa = PBXGroup; children = (
					59C843C3D83F3C98FB5DAEF8,
					735325EB08E14394832156C0,
					6F1F9118AC12E66E023BF73E,
					6E08B8D65B7456C4D6F0FEC9,
					D1F59E44BFAD909A7963E6B6,
					5CA692E3CACE2CCCA285E572,
					6170A065E1381A39A1930BED,
					92F07650FB89461C6EA96963,
					B7852AEFACEA0D6C4B19BF98,
					71EA317BAA9B42019F656735,
					2D502EDFDB2C3A400F112D53,
					7BC5BB227EC570F82FD931F4,
					0458D65CAD6FD5415ED52A1D,
					71A2D2A76C364A5C43C56A80,
					E1DB78A38D22C187444A93DE,
					A5E5077D0EF6EEF0EC913395,
					FF6F602EACA09AFFFFDEB74E,
					366BA0F55BD8A774C2FCB8E3,
					E31EBB14097DBF06997263C7,
					3D3F26194CA481A15D1D7635,
					6FCADB71451059B50B8F089F,
					279BC139DE979F4BCA6BF670,
					316448E8B30A0972DD571BEB,
					137597FE447EB0B6BFDA94F3,
					F7254D66319D6133D0C0113D, ); name = "Juce Library Code"; sourceTree = "<group>"; };
		F3E64EF90A1F25F8DFEA1C5F = {isa = PBXGroup; children = (
					13791978C7A30B11A770576D,
					791A108174D0126F819DC0E3,
					65517AF0D78446A8B1DDFE1F,
					5BEB647CAE3455238BDEF095,
					CD99D33B596811F1DEB05A7D,
					AF816EA7A6F5924C2167BCE7, ); name = Resources; sourceTree = "<group>"; };
		D91CEF2F52DFA2AC65287C49 = {isa = PBXGroup; children = (
					B4FCEF0521E033EAC6D3E827,
					8063277E49902835E0031610,
					9D5F62A864542D806193CD57,
					6B8F4C991192178840079760,
					E9CB2D01701F5D6192F04410,
					3D726A73B94AB0ACA59AFF3E,
					5359C75BC6A9F47F823D7DB3,
					E32DB3B29FBB1ADC7F59CD29,
					9C722EAED01B0B899B6AE262,
					9A865FFC13CBA94EEE175B43,
					5AD44CA4B68DB7AE7F51CF6D,
					02E0605194DB32EFF8799607,
					5E906F98A62A722C0717689C,
					6CE9A7DDC32B04F60742FE75,
					4D7A7280CD1708FDCC311F87, ); name = Frameworks; sourceTree = "<group>"; };
		5FEC61B63B9966367D0ECED8 = {isa = PBXGroup; children = (
					62A217263656F7050A4A6001,
					54C001B1942826EDF957BEF2,
					8B7B5A17BD87A0B85A7A1A6B,
					6A30C6F59971F9D7125EB729,
					53BCF82603F2D54DF441B11F,
					E83495BAEB6279EF5579A2D8, ); name = Products; sourceTree = "<group>"; };
		1B155A931F2431DCDCE78230 = {isa = PBXGroup; children = (
					9BD58E25B03D352CD03984D4,
					4874AC6B955AA41B2A28319C,
					0C818119E1BF6F4E23DA1F5E,
					C7348FEA9C959AA1DEFD332E,
					F3E64EF90A1F25F8DFEA1C5F,
					D91CEF2F52DFA2AC65287C49,
					5FEC61B63B9966367D0ECED8, ); name = Source; sourceTree = "<group>"; };
		93EAEE343493BEEC75858295 = {isa = XCBuildConfiguration; buildSettings = {  }; name = Debug; };
		E412C1F2A43C873A1A8A7865 = {isa = XCBuildConfiguration; buildSettings = {  }; name = Release; };
		12C088BAA82469255F5B3804 = {isa = XCBuildConfiguration; buildSettings = {
				CLANG_CXX_LANGUAGE_STANDARD = "c++0x";
				CLANG_LINK_OBJC_RUNTIME = NO;
				COMBINE_HIDPI_IMAGES = YES;
				CONFIGURATION_BUILD_DIR = "$(PROJECT_DIR)/build/$(CONFIGURATION)";
				COPY_PHASE_STRIP = NO;
				DEPLOYMENT_LOCATION = YES;
				DSTROOT = /;
				GCC_DYNAMIC_NO_PIC = NO;
				GCC_OPTIMIZATION_LEVEL = 0;
				GCC_PREPROCESSOR_DEFINITIONS = (
					"_DEBUG=1",
					"DEBUG=1",
					"JUCER_XCODE_MAC_F6D2F4CF=1",
					"JUCE_APP_VERSION=0.0.1",
					"JUCE_APP_VERSION_HEX=0x1",
					"JucePlugin_Build_VST=1",
					"JucePlugin_Build_VST3=0",
					"JucePlugin_Build_AU=0",
					"JucePlugin_Build_AUv3=0",
					"JucePlugin_Build_RTAS=0",
					"JucePlugin_Build_AAX=0",
					"JucePlugin_Build_Standalone=0", );
				GCC_VERSION = com.apple.compilers.llvm.clang.1_0;
				GENERATE_PKGINFO_FILE = YES;
				HEADER_SEARCH_PATHS = ("\"/Users/aaronkarp/Downloads/VST3 SDK\"", "../../JuceLibraryCode", "../../../../../../../../Downloads/JUCE/modules", "/usr/local/include", "../../../../../../../../Downloads/JUCE/modules/juce_audio_plugin_client", "$(inherited)");
				INFOPLIST_FILE = Info-VST.plist;
				INSTALL_PATH = "/Library/Audio/Plug-Ins/VST/";
				LIBRARY_SEARCH_PATHS = ("$(inherited)", "\"/usr/local/lib\"");
				LIBRARY_STYLE = Bundle;
				MACOSX_DEPLOYMENT_TARGET = 10.11;
				MACOSX_DEPLOYMENT_TARGET_ppc = 10.4;
				OTHER_LDFLAGS = "-bundle -lHaptEQ -lopencv_core -lopencv_highgui -lopencv_imgproc -lopencv_video";
				PRODUCT_BUNDLE_IDENTIFIER = com.InteractiveAudioLab.HaptEQ;
				SDKROOT_ppc = macosx10.5;
				WRAPPER_EXTENSION = vst; }; name = Debug; };
		0FBC0BC58BE84E9C22EADD06 = {isa = XCBuildConfiguration; buildSettings = {
				CLANG_CXX_LANGUAGE_STANDARD = "c++0x";
				CLANG_LINK_OBJC_RUNTIME = NO;
				COMBINE_HIDPI_IMAGES = YES;
				CONFIGURATION_BUILD_DIR = "$(PROJECT_DIR)/build/$(CONFIGURATION)";
				DEAD_CODE_STRIPPING = YES;
				DEPLOYMENT_LOCATION = YES;
				DSTROOT = /;
				GCC_GENERATE_DEBUGGING_SYMBOLS = NO;
				GCC_OPTIMIZATION_LEVEL = 3;
				GCC_PREPROCESSOR_DEFINITIONS = (
					"_NDEBUG=1",
					"NDEBUG=1",
					"JUCER_XCODE_MAC_F6D2F4CF=1",
					"JUCE_APP_VERSION=0.0.1",
					"JUCE_APP_VERSION_HEX=0x1",
					"JucePlugin_Build_VST=1",
					"JucePlugin_Build_VST3=0",
					"JucePlugin_Build_AU=0",
					"JucePlugin_Build_AUv3=0",
					"JucePlugin_Build_RTAS=0",
					"JucePlugin_Build_AAX=0",
					"JucePlugin_Build_Standalone=0", );
				GCC_SYMBOLS_PRIVATE_EXTERN = YES;
				GCC_VERSION = com.apple.compilers.llvm.clang.1_0;
				GENERATE_PKGINFO_FILE = YES;
				HEADER_SEARCH_PATHS = ("\"/Users/aaronkarp/Downloads/VST3 SDK\"", "../../JuceLibraryCode", "../../../../../../../../Downloads/JUCE/modules", "/usr/local/include", "../../../../../../../../Downloads/JUCE/modules/juce_audio_plugin_client", "$(inherited)");
				INFOPLIST_FILE = Info-VST.plist;
				INSTALL_PATH = "/Library/Audio/Plug-Ins/VST/";
				LIBRARY_SEARCH_PATHS = ("$(inherited)", "\"/usr/local/lib\"");
				LIBRARY_STYLE = Bundle;
				MACOSX_DEPLOYMENT_TARGET = 10.11;
				MACOSX_DEPLOYMENT_TARGET_ppc = 10.4;
				OTHER_LDFLAGS = "-bundle -lHaptEQ -lopencv_core -lopencv_highgui -lopencv_imgproc -lopencv_video";
				PRODUCT_BUNDLE_IDENTIFIER = com.InteractiveAudioLab.HaptEQ;
				SDKROOT_ppc = macosx10.5;
				WRAPPER_EXTENSION = vst; }; name = Release; };
		AD226F0B1BDC2B3E59650ED5 = {isa = XCBuildConfiguration; buildSettings = {
				CLANG_CXX_LANGUAGE_STANDARD = "c++0x";
				CLANG_LINK_OBJC_RUNTIME = NO;
				COMBINE_HIDPI_IMAGES = YES;
				CONFIGURATION_BUILD_DIR = "$(PROJECT_DIR)/build/$(CONFIGURATION)";
				COPY_PHASE_STRIP = NO;
				DEPLOYMENT_LOCATION = YES;
				DSTROOT = /;
				GCC_DYNAMIC_NO_PIC = NO;
				GCC_OPTIMIZATION_LEVEL = 0;
				GCC_PREPROCESSOR_DEFINITIONS = (
					"_DEBUG=1",
					"DEBUG=1",
					"JUCER_XCODE_MAC_F6D2F4CF=1",
					"JUCE_APP_VERSION=0.0.1",
					"JUCE_APP_VERSION_HEX=0x1",
					"JucePlugin_Build_VST=0",
					"JucePlugin_Build_VST3=1",
					"JucePlugin_Build_AU=0",
					"JucePlugin_Build_AUv3=0",
					"JucePlugin_Build_RTAS=0",
					"JucePlugin_Build_AAX=0",
					"JucePlugin_Build_Standalone=0", );
				GCC_VERSION = com.apple.compilers.llvm.clang.1_0;
				GENERATE_PKGINFO_FILE = YES;
				HEADER_SEARCH_PATHS = ("\"/Users/aaronkarp/Downloads/VST3 SDK\"", "../../JuceLibraryCode", "../../../../../../../../Downloads/JUCE/modules", "/usr/local/include", "../../../../../../../../Downloads/JUCE/modules/juce_audio_plugin_client", "$(inherited)");
				INFOPLIST_FILE = Info-VST3.plist;
				INSTALL_PATH = "/Library/Audio/Plug-Ins/VST3/";
				LIBRARY_SEARCH_PATHS = ("$(inherited)", "\"/usr/local/lib\"");
				LIBRARY_STYLE = Bundle;
				MACOSX_DEPLOYMENT_TARGET = 10.11;
				MACOSX_DEPLOYMENT_TARGET_ppc = 10.4;
				OTHER_LDFLAGS = "-bundle -lHaptEQ -lopencv_core -lopencv_highgui -lopencv_imgproc -lopencv_video";
				PRODUCT_BUNDLE_IDENTIFIER = com.InteractiveAudioLab.HaptEQ;
				SDKROOT_ppc = macosx10.5;
				WRAPPER_EXTENSION = vst3; }; name = Debug; };
		728C1437D5A48D79E9065B90 = {isa = XCBuildConfiguration; buildSettings = {
				CLANG_CXX_LANGUAGE_STANDARD = "c++0x";
				CLANG_LINK_OBJC_RUNTIME = NO;
				COMBINE_HIDPI_IMAGES = YES;
				CONFIGURATION_BUILD_DIR = "$(PROJECT_DIR)/build/$(CONFIGURATION)";
				DEAD_CODE_STRIPPING = YES;
				DEPLOYMENT_LOCATION = YES;
				DSTROOT = /;
				GCC_GENERATE_DEBUGGING_SYMBOLS = NO;
				GCC_OPTIMIZATION_LEVEL = 3;
				GCC_PREPROCESSOR_DEFINITIONS = (
					"_NDEBUG=1",
					"NDEBUG=1",
					"JUCER_XCODE_MAC_F6D2F4CF=1",
					"JUCE_APP_VERSION=0.0.1",
					"JUCE_APP_VERSION_HEX=0x1",
					"JucePlugin_Build_VST=0",
					"JucePlugin_Build_VST3=1",
					"JucePlugin_Build_AU=0",
					"JucePlugin_Build_AUv3=0",
					"JucePlugin_Build_RTAS=0",
					"JucePlugin_Build_AAX=0",
					"JucePlugin_Build_Standalone=0", );
				GCC_SYMBOLS_PRIVATE_EXTERN = YES;
				GCC_VERSION = com.apple.compilers.llvm.clang.1_0;
				GENERATE_PKGINFO_FILE = YES;
				HEADER_SEARCH_PATHS = ("\"/Users/aaronkarp/Downloads/VST3 SDK\"", "../../JuceLibraryCode", "../../../../../../../../Downloads/JUCE/modules", "/usr/local/include", "../../../../../../../../Downloads/JUCE/modules/juce_audio_plugin_client", "$(inherited)");
				INFOPLIST_FILE = Info-VST3.plist;
				INSTALL_PATH = "/Library/Audio/Plug-Ins/VST3/";
				LIBRARY_SEARCH_PATHS = ("$(inherited)", "\"/usr/local/lib\"");
				LIBRARY_STYLE = Bundle;
				MACOSX_DEPLOYMENT_TARGET = 10.11;
				MACOSX_DEPLOYMENT_TARGET_ppc = 10.4;
				OTHER_LDFLAGS = "-bundle -lHaptEQ -lopencv_core -lopencv_highgui -lopencv_imgproc -lopencv_video";
				PRODUCT_BUNDLE_IDENTIFIER = com.InteractiveAudioLab.HaptEQ;
				SDKROOT_ppc = macosx10.5;
				WRAPPER_EXTENSION = vst3; }; name = Release; };
		A2181908F312ABD6677C611B = {isa = XCBuildConfiguration; buildSettings = {
				CLANG_CXX_LANGUAGE_STANDARD = "c++0x";
				CLANG_LINK_OBJC_RUNTIME = NO;
				COMBINE_HIDPI_IMAGES = YES;
				CONFIGURATION_BUILD_DIR = "$(PROJECT_DIR)/build/$(CONFIGURATION)";
				COPY_PHASE_STRIP = NO;
				DEPLOYMENT_LOCATION = YES;
				DSTROOT = /;
				GCC_DYNAMIC_NO_PIC = NO;
				GCC_OPTIMIZATION_LEVEL = 0;
				GCC_PREPROCESSOR_DEFINITIONS = (
					"_DEBUG=1",
					"DEBUG=1",
					"JUCER_XCODE_MAC_F6D2F4CF=1",
					"JUCE_APP_VERSION=0.0.1",
					"JUCE_APP_VERSION_HEX=0x1",
					"JucePlugin_Build_VST=0",
					"JucePlugin_Build_VST3=0",
					"JucePlugin_Build_AU=1",
					"JucePlugin_Build_AUv3=0",
					"JucePlugin_Build_RTAS=0",
					"JucePlugin_Build_AAX=0",
					"JucePlugin_Build_Standalone=0", );
				GCC_VERSION = com.apple.compilers.llvm.clang.1_0;
				GENERATE_PKGINFO_FILE = YES;
				HEADER_SEARCH_PATHS = ("\"/Users/aaronkarp/Downloads/VST3 SDK\"", "../../JuceLibraryCode", "../../../../../../../../Downloads/JUCE/modules", "/usr/local/include", "../../../../../../../../Downloads/JUCE/modules/juce_audio_plugin_client", "$(inherited)");
				INFOPLIST_FILE = Info-AU.plist;
				INSTALL_PATH = "/Library/Audio/Plug-Ins/Components/";
				LIBRARY_SEARCH_PATHS = ("$(inherited)", "\"/usr/local/lib\"");
				LIBRARY_STYLE = Bundle;
				MACOSX_DEPLOYMENT_TARGET = 10.11;
				MACOSX_DEPLOYMENT_TARGET_ppc = 10.4;
				OTHER_LDFLAGS = "-bundle -lHaptEQ -lopencv_core -lopencv_highgui -lopencv_imgproc -lopencv_video";
				OTHER_REZFLAGS = "-d ppc_$ppc -d i386_$i386 -d ppc64_$ppc64 -d x86_64_$x86_64 -I /System/Library/Frameworks/CoreServices.framework/Frameworks/CarbonCore.framework/Versions/A/Headers -I \"$(DEVELOPER_DIR)/Extras/CoreAudio/AudioUnits/AUPublic/AUBase\"";
				PRODUCT_BUNDLE_IDENTIFIER = com.InteractiveAudioLab.HaptEQ;
				SDKROOT_ppc = macosx10.5;
				WRAPPER_EXTENSION = component; }; name = Debug; };
		07DF86720D3B368D7F6C5190 = {isa = XCBuildConfiguration; buildSettings = {
				CLANG_CXX_LANGUAGE_STANDARD = "c++0x";
				CLANG_LINK_OBJC_RUNTIME = NO;
				COMBINE_HIDPI_IMAGES = YES;
				CONFIGURATION_BUILD_DIR = "$(PROJECT_DIR)/build/$(CONFIGURATION)";
				DEAD_CODE_STRIPPING = YES;
				DEPLOYMENT_LOCATION = YES;
				DSTROOT = /;
				GCC_GENERATE_DEBUGGING_SYMBOLS = NO;
				GCC_OPTIMIZATION_LEVEL = 3;
				GCC_PREPROCESSOR_DEFINITIONS = (
					"_NDEBUG=1",
					"NDEBUG=1",
					"JUCER_XCODE_MAC_F6D2F4CF=1",
					"JUCE_APP_VERSION=0.0.1",
					"JUCE_APP_VERSION_HEX=0x1",
					"JucePlugin_Build_VST=0",
					"JucePlugin_Build_VST3=0",
					"JucePlugin_Build_AU=1",
					"JucePlugin_Build_AUv3=0",
					"JucePlugin_Build_RTAS=0",
					"JucePlugin_Build_AAX=0",
					"JucePlugin_Build_Standalone=0", );
				GCC_SYMBOLS_PRIVATE_EXTERN = YES;
				GCC_VERSION = com.apple.compilers.llvm.clang.1_0;
				GENERATE_PKGINFO_FILE = YES;
				HEADER_SEARCH_PATHS = ("\"/Users/aaronkarp/Downloads/VST3 SDK\"", "../../JuceLibraryCode", "../../../../../../../../Downloads/JUCE/modules", "/usr/local/include", "../../../../../../../../Downloads/JUCE/modules/juce_audio_plugin_client", "$(inherited)");
				INFOPLIST_FILE = Info-AU.plist;
				INSTALL_PATH = "/Library/Audio/Plug-Ins/Components/";
				LIBRARY_SEARCH_PATHS = ("$(inherited)", "\"/usr/local/lib\"");
				LIBRARY_STYLE = Bundle;
				MACOSX_DEPLOYMENT_TARGET = 10.11;
				MACOSX_DEPLOYMENT_TARGET_ppc = 10.4;
				OTHER_LDFLAGS = "-bundle -lHaptEQ -lopencv_core -lopencv_highgui -lopencv_imgproc -lopencv_video";
				OTHER_REZFLAGS = "-d ppc_$ppc -d i386_$i386 -d ppc64_$ppc64 -d x86_64_$x86_64 -I /System/Library/Frameworks/CoreServices.framework/Frameworks/CarbonCore.framework/Versions/A/Headers -I \"$(DEVELOPER_DIR)/Extras/CoreAudio/AudioUnits/AUPublic/AUBase\"";
				PRODUCT_BUNDLE_IDENTIFIER = com.InteractiveAudioLab.HaptEQ;
				SDKROOT_ppc = macosx10.5;
				WRAPPER_EXTENSION = component; }; name = Release; };
		9749E67129537AF46DDB3F52 = {isa = XCBuildConfiguration; buildSettings = {
				ARCHS = "$(ARCHS_STANDARD_64_BIT)";
				CLANG_CXX_LANGUAGE_STANDARD = "c++0x";
				CLANG_LINK_OBJC_RUNTIME = NO;
				CODE_SIGN_ENTITLEMENTS = "HaptEQ.entitlements";
				COMBINE_HIDPI_IMAGES = YES;
				CONFIGURATION_BUILD_DIR = "$(PROJECT_DIR)/build/$(CONFIGURATION)";
				COPY_PHASE_STRIP = NO;
				GCC_DYNAMIC_NO_PIC = NO;
				GCC_OPTIMIZATION_LEVEL = 0;
				GCC_PREPROCESSOR_DEFINITIONS = (
					"_DEBUG=1",
					"DEBUG=1",
					"JUCER_XCODE_MAC_F6D2F4CF=1",
					"JUCE_APP_VERSION=0.0.1",
					"JUCE_APP_VERSION_HEX=0x1",
					"JucePlugin_Build_VST=0",
					"JucePlugin_Build_VST3=0",
					"JucePlugin_Build_AU=0",
					"JucePlugin_Build_AUv3=1",
					"JucePlugin_Build_RTAS=0",
					"JucePlugin_Build_AAX=0",
					"JucePlugin_Build_Standalone=0", );
				GCC_VERSION = com.apple.compilers.llvm.clang.1_0;
				HEADER_SEARCH_PATHS = ("\"/Users/aaronkarp/Downloads/VST3 SDK\"", "../../JuceLibraryCode", "../../../../../../../../Downloads/JUCE/modules", "/usr/local/include", "../../../../../../../../Downloads/JUCE/modules/juce_audio_plugin_client", "$(inherited)");
				INFOPLIST_FILE = Info-AUv3_AppExtension.plist;
				LIBRARY_SEARCH_PATHS = ("$(inherited)", "\"/usr/local/lib\"");
				MACOSX_DEPLOYMENT_TARGET = 10.11;
				MACOSX_DEPLOYMENT_TARGET_ppc = 10.4;
				OTHER_LDFLAGS = "-lHaptEQ -lopencv_core -lopencv_highgui -lopencv_imgproc -lopencv_video";
				PRODUCT_BUNDLE_IDENTIFIER = com.InteractiveAudioLab.HaptEQ.HaptEQAUv3;
				SDKROOT_ppc = macosx10.5; }; name = Debug; };
		E7599C3332960D3043A3657D = {isa = XCBuildConfiguration; buildSettings = {
				ARCHS = "$(ARCHS_STANDARD_64_BIT)";
				CLANG_CXX_LANGUAGE_STANDARD = "c++0x";
				CLANG_LINK_OBJC_RUNTIME = NO;
				CODE_SIGN_ENTITLEMENTS = "HaptEQ.entitlements";
				COMBINE_HIDPI_IMAGES = YES;
				CONFIGURATION_BUILD_DIR = "$(PROJECT_DIR)/build/$(CONFIGURATION)";
				DEAD_CODE_STRIPPING = YES;
				GCC_GENERATE_DEBUGGING_SYMBOLS = NO;
				GCC_OPTIMIZATION_LEVEL = 3;
				GCC_PREPROCESSOR_DEFINITIONS = (
					"_NDEBUG=1",
					"NDEBUG=1",
					"JUCER_XCODE_MAC_F6D2F4CF=1",
					"JUCE_APP_VERSION=0.0.1",
					"JUCE_APP_VERSION_HEX=0x1",
					"JucePlugin_Build_VST=0",
					"JucePlugin_Build_VST3=0",
					"JucePlugin_Build_AU=0",
					"JucePlugin_Build_AUv3=1",
					"JucePlugin_Build_RTAS=0",
					"JucePlugin_Build_AAX=0",
					"JucePlugin_Build_Standalone=0", );
				GCC_SYMBOLS_PRIVATE_EXTERN = YES;
				GCC_VERSION = com.apple.compilers.llvm.clang.1_0;
				HEADER_SEARCH_PATHS = ("\"/Users/aaronkarp/Downloads/VST3 SDK\"", "../../JuceLibraryCode", "../../../../../../../../Downloads/JUCE/modules", "/usr/local/include", "../../../../../../../../Downloads/JUCE/modules/juce_audio_plugin_client", "$(inherited)");
				INFOPLIST_FILE = Info-AUv3_AppExtension.plist;
				LIBRARY_SEARCH_PATHS = ("$(inherited)", "\"/usr/local/lib\"");
				MACOSX_DEPLOYMENT_TARGET = 10.11;
				MACOSX_DEPLOYMENT_TARGET_ppc = 10.4;
				OTHER_LDFLAGS = "-lHaptEQ -lopencv_core -lopencv_highgui -lopencv_imgproc -lopencv_video";
				PRODUCT_BUNDLE_IDENTIFIER = com.InteractiveAudioLab.HaptEQ.HaptEQAUv3;
				SDKROOT_ppc = macosx10.5; }; name = Release; };
		BE3D076C4EB898DA97F4D2F1 = {isa = XCBuildConfiguration; buildSettings = {
				CLANG_CXX_LANGUAGE_STANDARD = "c++0x";
				CLANG_LINK_OBJC_RUNTIME = NO;
				COMBINE_HIDPI_IMAGES = YES;
				CONFIGURATION_BUILD_DIR = "$(PROJECT_DIR)/build/$(CONFIGURATION)";
				COPY_PHASE_STRIP = NO;
				GCC_DYNAMIC_NO_PIC = NO;
				GCC_OPTIMIZATION_LEVEL = 0;
				GCC_PREPROCESSOR_DEFINITIONS = (
					"_DEBUG=1",
					"DEBUG=1",
					"JUCER_XCODE_MAC_F6D2F4CF=1",
					"JUCE_APP_VERSION=0.0.1",
					"JUCE_APP_VERSION_HEX=0x1",
					"JucePlugin_Build_VST=0",
					"JucePlugin_Build_VST3=0",
					"JucePlugin_Build_AU=0",
					"JucePlugin_Build_AUv3=0",
					"JucePlugin_Build_RTAS=0",
					"JucePlugin_Build_AAX=0",
					"JucePlugin_Build_Standalone=1", );
				GCC_VERSION = com.apple.compilers.llvm.clang.1_0;
				HEADER_SEARCH_PATHS = ("\"/Users/aaronkarp/Downloads/VST3 SDK\"", "../../JuceLibraryCode", "../../../../../../../../Downloads/JUCE/modules", "/usr/local/include", "../../../../../../../../Downloads/JUCE/modules/juce_audio_plugin_client", "$(inherited)");
				INFOPLIST_FILE = Info-Standalone_Plugin.plist;
				LIBRARY_SEARCH_PATHS = ("$(inherited)", "\"/usr/local/lib\"");
				MACOSX_DEPLOYMENT_TARGET = 10.11;
				MACOSX_DEPLOYMENT_TARGET_ppc = 10.4;
				OTHER_LDFLAGS = "-lHaptEQ -lopencv_core -lopencv_highgui -lopencv_imgproc -lopencv_video";
				PRODUCT_BUNDLE_IDENTIFIER = com.InteractiveAudioLab.HaptEQ;
				SDKROOT_ppc = macosx10.5; }; name = Debug; };
		DD80DBCD3AD3A7094D7A2CE2 = {isa = XCBuildConfiguration; buildSettings = {
				CLANG_CXX_LANGUAGE_STANDARD = "c++0x";
				CLANG_LINK_OBJC_RUNTIME = NO;
				COMBINE_HIDPI_IMAGES = YES;
				CONFIGURATION_BUILD_DIR = "$(PROJECT_DIR)/build/$(CONFIGURATION)";
				DEAD_CODE_STRIPPING = YES;
				GCC_GENERATE_DEBUGGING_SYMBOLS = NO;
				GCC_OPTIMIZATION_LEVEL = 3;
				GCC_PREPROCESSOR_DEFINITIONS = (
					"_NDEBUG=1",
					"NDEBUG=1",
					"JUCER_XCODE_MAC_F6D2F4CF=1",
					"JUCE_APP_VERSION=0.0.1",
					"JUCE_APP_VERSION_HEX=0x1",
					"JucePlugin_Build_VST=0",
					"JucePlugin_Build_VST3=0",
					"JucePlugin_Build_AU=0",
					"JucePlugin_Build_AUv3=0",
					"JucePlugin_Build_RTAS=0",
					"JucePlugin_Build_AAX=0",
					"JucePlugin_Build_Standalone=1", );
				GCC_SYMBOLS_PRIVATE_EXTERN = YES;
				GCC_VERSION = com.apple.compilers.llvm.clang.1_0;
				HEADER_SEARCH_PATHS = ("\"/Users/aaronkarp/Downloads/VST3 SDK\"", "../../JuceLibraryCode", "../../../../../../../../Downloads/JUCE/modules", "/usr/local/include", "../../../../../../../../Downloads/JUCE/modules/juce_audio_plugin_client", "$(inherited)");
				INFOPLIST_FILE = Info-Standalone_Plugin.plist;
				LIBRARY_SEARCH_PATHS = ("$(inherited)", "\"/usr/local/lib\"");
				MACOSX_DEPLOYMENT_TARGET = 10.11;
				MACOSX_DEPLOYMENT_TARGET_ppc = 10.4;
				OTHER_LDFLAGS = "-lHaptEQ -lopencv_core -lopencv_highgui -lopencv_imgproc -lopencv_video";
				PRODUCT_BUNDLE_IDENTIFIER = com.InteractiveAudioLab.HaptEQ;
				SDKROOT_ppc = macosx10.5; }; name = Release; };
		2134FBE5420822FC5353F0F1 = {isa = XCBuildConfiguration; buildSettings = {
				CLANG_CXX_LANGUAGE_STANDARD = "c++0x";
				CLANG_LINK_OBJC_RUNTIME = NO;
				COMBINE_HIDPI_IMAGES = YES;
				CONFIGURATION_BUILD_DIR = "$(PROJECT_DIR)/build/$(CONFIGURATION)";
				COPY_PHASE_STRIP = NO;
				GCC_DYNAMIC_NO_PIC = NO;
				GCC_OPTIMIZATION_LEVEL = 0;
				GCC_PREPROCESSOR_DEFINITIONS = (
					"_DEBUG=1",
					"DEBUG=1",
					"JUCER_XCODE_MAC_F6D2F4CF=1",
					"JUCE_APP_VERSION=0.0.1",
					"JUCE_APP_VERSION_HEX=0x1",
					"JucePlugin_Build_VST=1",
					"JucePlugin_Build_VST3=1",
					"JucePlugin_Build_AU=1",
					"JucePlugin_Build_AUv3=1",
					"JucePlugin_Build_RTAS=0",
					"JucePlugin_Build_AAX=0",
					"JucePlugin_Build_Standalone=1",
					"JUCE_SHARED_CODE=1", );
				GCC_VERSION = com.apple.compilers.llvm.clang.1_0;
				HEADER_SEARCH_PATHS = ("\"/Users/aaronkarp/Downloads/VST3 SDK\"", "../../JuceLibraryCode", "../../../../../../../../Downloads/JUCE/modules", "/usr/local/include", "../../../../../../../../Downloads/JUCE/modules/juce_audio_plugin_client", "$(inherited)");
				INSTALL_PATH = "@executable_path/../Frameworks";
				LIBRARY_SEARCH_PATHS = ("$(inherited)", "\"/usr/local/lib\"");
				MACOSX_DEPLOYMENT_TARGET = 10.11;
				MACOSX_DEPLOYMENT_TARGET_ppc = 10.4;
				OTHER_LDFLAGS = "-lopencv_core -lopencv_highgui -lopencv_imgproc -lopencv_video";
				PRODUCT_BUNDLE_IDENTIFIER = com.InteractiveAudioLab.HaptEQ;
				SDKROOT_ppc = macosx10.5; }; name = Debug; };
		FD2159C7DA4AEDF92EFEBA6C = {isa = XCBuildConfiguration; buildSettings = {
				CLANG_CXX_LANGUAGE_STANDARD = "c++0x";
				CLANG_LINK_OBJC_RUNTIME = NO;
				COMBINE_HIDPI_IMAGES = YES;
				CONFIGURATION_BUILD_DIR = "$(PROJECT_DIR)/build/$(CONFIGURATION)";
				DEAD_CODE_STRIPPING = YES;
				GCC_GENERATE_DEBUGGING_SYMBOLS = NO;
				GCC_OPTIMIZATION_LEVEL = 3;
				GCC_PREPROCESSOR_DEFINITIONS = (
					"_NDEBUG=1",
					"NDEBUG=1",
					"JUCER_XCODE_MAC_F6D2F4CF=1",
					"JUCE_APP_VERSION=0.0.1",
					"JUCE_APP_VERSION_HEX=0x1",
					"JucePlugin_Build_VST=1",
					"JucePlugin_Build_VST3=1",
					"JucePlugin_Build_AU=1",
					"JucePlugin_Build_AUv3=1",
					"JucePlugin_Build_RTAS=0",
					"JucePlugin_Build_AAX=0",
					"JucePlugin_Build_Standalone=1",
					"JUCE_SHARED_CODE=1", );
				GCC_SYMBOLS_PRIVATE_EXTERN = YES;
				GCC_VERSION = com.apple.compilers.llvm.clang.1_0;
				HEADER_SEARCH_PATHS = ("\"/Users/aaronkarp/Downloads/VST3 SDK\"", "../../JuceLibraryCode", "../../../../../../../../Downloads/JUCE/modules", "/usr/local/include", "../../../../../../../../Downloads/JUCE/modules/juce_audio_plugin_client", "$(inherited)");
				INSTALL_PATH = "@executable_path/../Frameworks";
				LIBRARY_SEARCH_PATHS = ("$(inherited)", "\"/usr/local/lib\"");
				MACOSX_DEPLOYMENT_TARGET = 10.11;
				MACOSX_DEPLOYMENT_TARGET_ppc = 10.4;
				OTHER_LDFLAGS = "-lopencv_core -lopencv_highgui -lopencv_imgproc -lopencv_video";
				PRODUCT_BUNDLE_IDENTIFIER = com.InteractiveAudioLab.HaptEQ;
				SDKROOT_ppc = macosx10.5; }; name = Release; };
		C1270C5AE263EE5C0913D4C6 = {isa = XCBuildConfiguration; buildSettings = {
				ALWAYS_SEARCH_USER_PATHS = NO;
				DEBUG_INFORMATION_FORMAT = "dwarf";
				ENABLE_TESTABILITY = YES;
				GCC_C_LANGUAGE_STANDARD = c11;
				GCC_INLINES_ARE_PRIVATE_EXTERN = YES;
				GCC_MODEL_TUNING = G5;
				GCC_WARN_ABOUT_RETURN_TYPE = YES;
				GCC_WARN_CHECK_SWITCH_STATEMENTS = YES;
				GCC_WARN_MISSING_PARENTHESES = YES;
				GCC_WARN_NON_VIRTUAL_DESTRUCTOR = YES;
				GCC_WARN_TYPECHECK_CALLS_TO_PRINTF = YES;
				GCC_WARN_UNUSED_VARIABLE = YES;
				ONLY_ACTIVE_ARCH = YES;
				PRODUCT_NAME = "HaptEQ";
				WARNING_CFLAGS = -Wreorder;
				ZERO_LINK = NO; }; name = Debug; };
		9F92AABFEB8C4F042A9A9E9F = {isa = XCBuildConfiguration; buildSettings = {
				ALWAYS_SEARCH_USER_PATHS = NO;
				DEBUG_INFORMATION_FORMAT = "dwarf";
				GCC_C_LANGUAGE_STANDARD = c11;
				GCC_INLINES_ARE_PRIVATE_EXTERN = YES;
				GCC_MODEL_TUNING = G5;
				GCC_WARN_ABOUT_RETURN_TYPE = YES;
				GCC_WARN_CHECK_SWITCH_STATEMENTS = YES;
				GCC_WARN_MISSING_PARENTHESES = YES;
				GCC_WARN_NON_VIRTUAL_DESTRUCTOR = YES;
				GCC_WARN_TYPECHECK_CALLS_TO_PRINTF = YES;
				GCC_WARN_UNUSED_VARIABLE = YES;
				PRODUCT_NAME = "HaptEQ";
				WARNING_CFLAGS = -Wreorder;
				ZERO_LINK = NO; }; name = Release; };
		708AB6FEF1B6309123E0FCFF = {isa = PBXTargetDependency; target = 5DF0BB4FA372259F54E43C9C; };
		DDFEB65B30C56AEF4C35E786 = {isa = PBXTargetDependency; target = D158BB88724CB9584A8BBEBF; };
		F6CDF119EF2EFDD2CE76B74B = {isa = PBXTargetDependency; target = BDB3DC20242ECE8884C692D5; };
		D6CA13FA56F1E469EEC0C62D = {isa = PBXTargetDependency; target = 52E5AE0E51612E853F74B9E6; };
		5BD7B541B41A504D8B770C98 = {isa = PBXTargetDependency; target = 4357FA571FFFD04F1EAFFE2B; };
		516C75E0D37E4F48B7E26D19 = {isa = PBXTargetDependency; target = 6147E24959EBB5C3A502A516; };
		483D94DC6D432A7B2E8EEC84 = {isa = XCConfigurationList; buildConfigurations = (
					C1270C5AE263EE5C0913D4C6,
					9F92AABFEB8C4F042A9A9E9F, ); defaultConfigurationIsVisible = 0; defaultConfigurationName = Debug; };
		A46CB020BA898DA492F17C99 = {isa = XCConfigurationList; buildConfigurations = (
					93EAEE343493BEEC75858295,
					E412C1F2A43C873A1A8A7865, ); defaultConfigurationIsVisible = 0; defaultConfigurationName = Debug; };
		B66E6EBCC0FB1D30644D5AF0 = {isa = PBXAggregateTarget; buildConfigurationList = A46CB020BA898DA492F17C99; buildPhases = (  ); buildRules = ( ); dependencies = (
					708AB6FEF1B6309123E0FCFF,
					DDFEB65B30C56AEF4C35E786,
					F6CDF119EF2EFDD2CE76B74B,
					D6CA13FA56F1E469EEC0C62D,
					5BD7B541B41A504D8B770C98,
					516C75E0D37E4F48B7E26D19, ); name = "HaptEQ - All"; productName = HaptEQ; };
		5A31542B1915F61C4F1757C6 = {isa = XCConfigurationList; buildConfigurations = (
					12C088BAA82469255F5B3804,
					0FBC0BC58BE84E9C22EADD06, ); defaultConfigurationIsVisible = 0; defaultConfigurationName = Debug; };
		AF0419D01E086D6FAF9D339E = {isa = PBXResourcesBuildPhase; buildActionMask = 2147483647; files = (
					1E52A29FA0DF39801F08B15E, ); runOnlyForDeploymentPostprocessing = 0; };
		8160619BE9E1CCAB42A82B8F = {isa = PBXSourcesBuildPhase; buildActionMask = 2147483647; files = (
					DED4A11FB43F73C0719884CD, ); runOnlyForDeploymentPostprocessing = 0; };
		96C006CF589080F59C583F28 = {isa = PBXFrameworksBuildPhase; buildActionMask = 2147483647; files = (
					B629149F36A71061A53649D5,
					0C1340388AB2DEFE0D6900BC,
					EBB314B4345D72C83AACFE68,
					F88A4B6CF62B5BF477E51699,
					83C4E7402B0D222B436BAF25,
					D29B8218609512050130C975,
					0F1C4BEB92F149949DBE191E,
					AA7FD92652076190C3190491,
					C45F01D0B630B4094437C183,
					E341861E2996A21711F13EA2,
					693E297E56C92D54B8B8A4BD,
					791A0A59DC6A6577CD94594A,
					0195052866BA4956FA687AC8, ); runOnlyForDeploymentPostprocessing = 0; };
		5DF0BB4FA372259F54E43C9C = {isa = PBXNativeTarget; buildConfigurationList = 5A31542B1915F61C4F1757C6; buildPhases = (
					AF0419D01E086D6FAF9D339E,
					8160619BE9E1CCAB42A82B8F,
					96C006CF589080F59C583F28, ); buildRules = ( ); dependencies = (
					516C75E0D37E4F48B7E26D19, ); name = "HaptEQ - VST"; productName = HaptEQ; productReference = 62A217263656F7050A4A6001; productType = "com.apple.product-type.bundle"; };
		2873B9C0194CF13A94028340 = {isa = XCConfigurationList; buildConfigurations = (
					AD226F0B1BDC2B3E59650ED5,
					728C1437D5A48D79E9065B90, ); defaultConfigurationIsVisible = 0; defaultConfigurationName = Debug; };
		0D58B29A2068DDBE764FCE39 = {isa = PBXResourcesBuildPhase; buildActionMask = 2147483647; files = (
					1E52A29FA0DF39801F08B15E, ); runOnlyForDeploymentPostprocessing = 0; };
		4341E68D95A000327B10BDF9 = {isa = PBXSourcesBuildPhase; buildActionMask = 2147483647; files = (
					AE376651D8C7D062E4F15E8B, ); runOnlyForDeploymentPostprocessing = 0; };
		942E000EFED61254CB9FE0B9 = {isa = PBXFrameworksBuildPhase; buildActionMask = 2147483647; files = (
					B629149F36A71061A53649D5,
					0C1340388AB2DEFE0D6900BC,
					EBB314B4345D72C83AACFE68,
					F88A4B6CF62B5BF477E51699,
					83C4E7402B0D222B436BAF25,
					D29B8218609512050130C975,
					0F1C4BEB92F149949DBE191E,
					AA7FD92652076190C3190491,
					C45F01D0B630B4094437C183,
					E341861E2996A21711F13EA2,
					693E297E56C92D54B8B8A4BD,
					791A0A59DC6A6577CD94594A,
					0195052866BA4956FA687AC8, ); runOnlyForDeploymentPostprocessing = 0; };
		D158BB88724CB9584A8BBEBF = {isa = PBXNativeTarget; buildConfigurationList = 2873B9C0194CF13A94028340; buildPhases = (
					0D58B29A2068DDBE764FCE39,
					4341E68D95A000327B10BDF9,
					942E000EFED61254CB9FE0B9, ); buildRules = ( ); dependencies = (
					516C75E0D37E4F48B7E26D19, ); name = "HaptEQ - VST3"; productName = HaptEQ; productReference = 54C001B1942826EDF957BEF2; productType = "com.apple.product-type.bundle"; };
		DFDB50EE69131967A8332E3D = {isa = XCConfigurationList; buildConfigurations = (
					A2181908F312ABD6677C611B,
					07DF86720D3B368D7F6C5190, ); defaultConfigurationIsVisible = 0; defaultConfigurationName = Debug; };
		6DEE899880DFEAB3D47AB583 = {isa = PBXResourcesBuildPhase; buildActionMask = 2147483647; files = (
					1E52A29FA0DF39801F08B15E, ); runOnlyForDeploymentPostprocessing = 0; };
		7230615D4D4E46BFCEB33239 = {isa = PBXRezBuildPhase; buildActionMask = 2147483647; files = (
					7026B38736571337477EF500, ); runOnlyForDeploymentPostprocessing = 0; };
		63D40C25EFA8D1372BDCD9CF = {isa = PBXSourcesBuildPhase; buildActionMask = 2147483647; files = (
					CA079E2E9C2F71F99B37E76A,
					DCBE0E399F481C77DF5C67A4, ); runOnlyForDeploymentPostprocessing = 0; };
		D404405678EC460F98B4DEDD = {isa = PBXFrameworksBuildPhase; buildActionMask = 2147483647; files = (
					B629149F36A71061A53649D5,
					0C1340388AB2DEFE0D6900BC,
					79C3C97864FAA4E317759E5D,
					EBB314B4345D72C83AACFE68,
					F88A4B6CF62B5BF477E51699,
					83C4E7402B0D222B436BAF25,
					D29B8218609512050130C975,
					BA33F1842BC8217691434D96,
					0F1C4BEB92F149949DBE191E,
					AA7FD92652076190C3190491,
					C45F01D0B630B4094437C183,
					E341861E2996A21711F13EA2,
					693E297E56C92D54B8B8A4BD,
					791A0A59DC6A6577CD94594A,
					0195052866BA4956FA687AC8, ); runOnlyForDeploymentPostprocessing = 0; };
		BDB3DC20242ECE8884C692D5 = {isa = PBXNativeTarget; buildConfigurationList = DFDB50EE69131967A8332E3D; buildPhases = (
					6DEE899880DFEAB3D47AB583,
					7230615D4D4E46BFCEB33239,
					63D40C25EFA8D1372BDCD9CF,
					D404405678EC460F98B4DEDD, ); buildRules = ( ); dependencies = (
					516C75E0D37E4F48B7E26D19, ); name = "HaptEQ - AU"; productName = HaptEQ; productReference = 8B7B5A17BD87A0B85A7A1A6B; productType = "com.apple.product-type.bundle"; };
		8734D5718996AC81FD614E5A = {isa = XCConfigurationList; buildConfigurations = (
					9749E67129537AF46DDB3F52,
					E7599C3332960D3043A3657D, ); defaultConfigurationIsVisible = 0; defaultConfigurationName = Debug; };
		62191636E9248912E5AD20E0 = {isa = PBXResourcesBuildPhase; buildActionMask = 2147483647; files = (
					1E52A29FA0DF39801F08B15E, ); runOnlyForDeploymentPostprocessing = 0; };
		93184DAFC0299977FEB7C787 = {isa = PBXSourcesBuildPhase; buildActionMask = 2147483647; files = (
					91C94122324B6B715DE9F562, ); runOnlyForDeploymentPostprocessing = 0; };
		53475543325AB7A3C629328E = {isa = PBXFrameworksBuildPhase; buildActionMask = 2147483647; files = (
					B629149F36A71061A53649D5,
					0C1340388AB2DEFE0D6900BC,
					79C3C97864FAA4E317759E5D,
					EBB314B4345D72C83AACFE68,
					F88A4B6CF62B5BF477E51699,
					83C4E7402B0D222B436BAF25,
					D29B8218609512050130C975,
					BA33F1842BC8217691434D96,
					0F1C4BEB92F149949DBE191E,
					AA7FD92652076190C3190491,
					C45F01D0B630B4094437C183,
					E341861E2996A21711F13EA2,
					693E297E56C92D54B8B8A4BD,
					791A0A59DC6A6577CD94594A,
					0195052866BA4956FA687AC8, ); runOnlyForDeploymentPostprocessing = 0; };
		52E5AE0E51612E853F74B9E6 = {isa = PBXNativeTarget; buildConfigurationList = 8734D5718996AC81FD614E5A; buildPhases = (
					62191636E9248912E5AD20E0,
					93184DAFC0299977FEB7C787,
					53475543325AB7A3C629328E, ); buildRules = ( ); dependencies = (
					516C75E0D37E4F48B7E26D19, ); name = "HaptEQ - AUv3 AppExtension"; productName = HaptEQ; productReference = 6A30C6F59971F9D7125EB729; productType = "com.apple.product-type.app-extension"; };
		D1882620FB5FA5EA883F860B = {isa = XCConfigurationList; buildConfigurations = (
					BE3D076C4EB898DA97F4D2F1,
					DD80DBCD3AD3A7094D7A2CE2, ); defaultConfigurationIsVisible = 0; defaultConfigurationName = Debug; };
		1F12203FB9F81827A57B1E59 = {isa = PBXResourcesBuildPhase; buildActionMask = 2147483647; files = (
					1E52A29FA0DF39801F08B15E, ); runOnlyForDeploymentPostprocessing = 0; };
		5E6D4631D4FEDC5F29704CA6 = {isa = PBXSourcesBuildPhase; buildActionMask = 2147483647; files = (
					FE16E112870AC6317CF6DB3A, ); runOnlyForDeploymentPostprocessing = 0; };
		D1B5A5E6734F775AB52B00D4 = {isa = PBXFrameworksBuildPhase; buildActionMask = 2147483647; files = (
					B629149F36A71061A53649D5,
					0C1340388AB2DEFE0D6900BC,
					EBB314B4345D72C83AACFE68,
					F88A4B6CF62B5BF477E51699,
					83C4E7402B0D222B436BAF25,
					D29B8218609512050130C975,
					0F1C4BEB92F149949DBE191E,
					AA7FD92652076190C3190491,
					C45F01D0B630B4094437C183,
					E341861E2996A21711F13EA2,
					693E297E56C92D54B8B8A4BD,
					791A0A59DC6A6577CD94594A,
					0195052866BA4956FA687AC8, ); runOnlyForDeploymentPostprocessing = 0; };
		709BAF913CA3008F98AB7420 = {isa = PBXCopyFilesBuildPhase; buildActionMask = 2147483647; files = (
					6D86A0741F2D956005C7CA7A, ); runOnlyForDeploymentPostprocessing = 0; name = "Embed App Extensions"; dstPath = ""; dstSubfolderSpec = 13; };
		4357FA571FFFD04F1EAFFE2B = {isa = PBXNativeTarget; buildConfigurationList = D1882620FB5FA5EA883F860B; buildPhases = (
					1F12203FB9F81827A57B1E59,
					5E6D4631D4FEDC5F29704CA6,
					D1B5A5E6734F775AB52B00D4,
					709BAF913CA3008F98AB7420, ); buildRules = ( ); dependencies = (
					D6CA13FA56F1E469EEC0C62D,
					516C75E0D37E4F48B7E26D19, ); name = "HaptEQ - Standalone Plugin"; productName = HaptEQ; productReference = 53BCF82603F2D54DF441B11F; productType = "com.apple.product-type.application"; };
		6D91D3C49E9573A16CDE2A7F = {isa = XCConfigurationList; buildConfigurations = (
					2134FBE5420822FC5353F0F1,
					FD2159C7DA4AEDF92EFEBA6C, ); defaultConfigurationIsVisible = 0; defaultConfigurationName = Debug; };
		B869248880838EE0A293ADE9 = {isa = PBXSourcesBuildPhase; buildActionMask = 2147483647; files = (
					9D413B3FD9CD5F849F8F0DEB,
					95D1F543C65E8140D53AC4F0,
					BE9E63C9D2BCB5E05CAC3177,
					99BC747E2F159C112DC02A8A,
					5FD0AC981CA8EC3E75EB6475,
					54E6EF53817C6F24F854046D,
					F2CA007ED375CBC0CB795A89,
					AA8C7AF93124CB47E0C2ED06,
					2A4634A123CD3883E72EBB44,
					945198DC13ED2764ECD6855E,
					546A7CA9A92D96C26F548AE3,
					B9BC3E9144A8412578825618,
					E8B4809CD0DCC8C3782B98AC,
					31A0D1A7632188F52778F809,
					C8D4CB710B6C7255648C112F,
					0C6F6DEB8D1B814C96456425,
					12DF6AD42552B82372E6331F,
					BC0C1BFE4B9385520568B290,
					852B47CB1D2354B33FEA1BB3,
					E8CCFA27914FBCE59301352C, ); runOnlyForDeploymentPostprocessing = 0; };
		6147E24959EBB5C3A502A516 = {isa = PBXNativeTarget; buildConfigurationList = 6D91D3C49E9573A16CDE2A7F; buildPhases = (
					B869248880838EE0A293ADE9, ); buildRules = ( ); dependencies = (  ); name = "HaptEQ - Shared Code"; productName = HaptEQ; productReference = E83495BAEB6279EF5579A2D8; productType = "com.apple.product-type.library.static"; };
		BCB0B2E2635867078771F5FD = {isa = PBXProject; buildConfigurationList = 483D94DC6D432A7B2E8EEC84; attributes = { LastUpgradeCheck = 0830; TargetAttributes = { B66E6EBCC0FB1D30644D5AF0 = { SystemCapabilities = {com.apple.InAppPurchase = { enabled = 0; }; com.apple.InterAppAudio = { enabled = 0; }; com.apple.Sandbox = { enabled = 0; }; }; };5DF0BB4FA372259F54E43C9C = { SystemCapabilities = {com.apple.InAppPurchase = { enabled = 0; }; com.apple.InterAppAudio = { enabled = 0; }; com.apple.Sandbox = { enabled = 0; }; }; };D158BB88724CB9584A8BBEBF = { SystemCapabilities = {com.apple.InAppPurchase = { enabled = 0; }; com.apple.InterAppAudio = { enabled = 0; }; com.apple.Sandbox = { enabled = 0; }; }; };BDB3DC20242ECE8884C692D5 = { SystemCapabilities = {com.apple.InAppPurchase = { enabled = 0; }; com.apple.InterAppAudio = { enabled = 0; }; com.apple.Sandbox = { enabled = 0; }; }; };52E5AE0E51612E853F74B9E6 = { SystemCapabilities = {com.apple.InAppPurchase = { enabled = 0; }; com.apple.InterAppAudio = { enabled = 0; }; com.apple.Sandbox = { enabled = 1; }; }; };4357FA571FFFD04F1EAFFE2B = { SystemCapabilities = {com.apple.InAppPurchase = { enabled = 0; }; com.apple.InterAppAudio = { enabled = 0; }; com.apple.Sandbox = { enabled = 0; }; }; };6147E24959EBB5C3A502A516 = { SystemCapabilities = {com.apple.InAppPurchase = { enabled = 0; }; com.apple.InterAppAudio = { enabled = 0; }; com.apple.Sandbox = { enabled = 0; }; }; }; }; }; compatibilityVersion = "Xcode 3.2"; hasScannedForEncodings = 0; mainGroup = 1B155A931F2431DCDCE78230; projectDirPath = ""; projectRoot = ""; targets = (B66E6EBCC0FB1D30644D5AF0, 5DF0BB4FA372259F54E43C9C, D158BB88724CB9584A8BBEBF, BDB3DC20242ECE8884C692D5, 52E5AE0E51612E853F74B9E6, 4357FA571FFFD04F1EAFFE2B, 6147E24959EBB5C3A502A516); };
	};
	rootObject = BCB0B2E2635867078771F5FD;
}
